
Microsoft Visual Studio Solution File, Format Version 12.00
# Visual Studio 15
VisualStudioVersion = 15.0.28307.136
MinimumVisualStudioVersion = 10.0.40219.1
Project("{FAE04EC0-301F-11D3-BF4B-00C04F79EFBC}") = "RecSystem", "RecSystem\RecSystem.csproj", "{ED170ADE-06F3-4BDD-9EA9-EF5808C6F52B}"
EndProject
Project("{FAE04EC0-301F-11D3-BF4B-00C04F79EFBC}") = "GetAdditionalInformation", "GetAdditionalInformation\GetAdditionalInformation.csproj", "{A82A0829-1DF6-4C0C-A052-11A8E8325F99}"
	ProjectSection(ProjectDependencies) = postProject
		{ED170ADE-06F3-4BDD-9EA9-EF5808C6F52B} = {ED170ADE-06F3-4BDD-9EA9-EF5808C6F52B}
	EndProjectSection
EndProject
Global
	GlobalSection(SolutionConfigurationPlatforms) = preSolution
		Debug|Any CPU = Debug|Any CPU
		Release|Any CPU = Release|Any CPU
	EndGlobalSection
	GlobalSection(ProjectConfigurationPlatforms) = postSolution
		{ED170ADE-06F3-4BDD-9EA9-EF5808C6F52B}.Debug|Any CPU.ActiveCfg = Debug|Any CPU
		{ED170ADE-06F3-4BDD-9EA9-EF5808C6F52B}.Debug|Any CPU.Build.0 = Debug|Any CPU
		{ED170ADE-06F3-4BDD-9EA9-EF5808C6F52B}.Release|Any CPU.ActiveCfg = Release|Any CPU
		{ED170ADE-06F3-4BDD-9EA9-EF5808C6F52B}.Release|Any CPU.Build.0 = Release|Any CPU
		{A82A0829-1DF6-4C0C-A052-11A8E8325F99}.Debug|Any CPU.ActiveCfg = Debug|Any CPU
		{A82A0829-1DF6-4C0C-A052-11A8E8325F99}.Debug|Any CPU.Build.0 = Debug|Any CPU
		{A82A0829-1DF6-4C0C-A052-11A8E8325F99}.Release|Any CPU.ActiveCfg = Release|Any CPU
		{A82A0829-1DF6-4C0C-A052-11A8E8325F99}.Release|Any CPU.Build.0 = Release|Any CPU
	EndGlobalSection
	GlobalSection(SolutionProperties) = preSolution
		HideSolutionNode = FALSE
	EndGlobalSection
	GlobalSection(ExtensibilityGlobals) = postSolution
		SolutionGuid = {B9F6BDE1-B6D1-414B-BDDF-2685741D1FF3}
	EndGlobalSection
EndGlobal
